
Microsoft Visual Studio Solution File, Format Version 12.00
# Visual Studio 14
VisualStudioVersion = 14.0.25420.1
MinimumVisualStudioVersion = 10.0.40219.1
Project("{FAE04EC0-301F-11D3-BF4B-00C04F79EFBC}") = "Validacao", "Validacao\Validacao.csproj", "{309559EB-0D2A-4DD4-BCA3-453EB4089B7E}"
EndProject
Global
	GlobalSection(SolutionConfigurationPlatforms) = preSolution
		Debug|Any CPU = Debug|Any CPU
		Release|Any CPU = Release|Any CPU
	EndGlobalSection
	GlobalSection(ProjectConfigurationPlatforms) = postSolution
		{309559EB-0D2A-4DD4-BCA3-453EB4089B7E}.Debug|Any CPU.ActiveCfg = Debug|Any CPU
		{309559EB-0D2A-4DD4-BCA3-453EB4089B7E}.Debug|Any CPU.Build.0 = Debug|Any CPU
		{309559EB-0D2A-4DD4-BCA3-453EB4089B7E}.Release|Any CPU.ActiveCfg = Release|Any CPU
		{309559EB-0D2A-4DD4-BCA3-453EB4089B7E}.Release|Any CPU.Build.0 = Release|Any CPU
	EndGlobalSection
	GlobalSection(SolutionProperties) = preSolution
		HideSolutionNode = FALSE
	EndGlobalSection
EndGlobal
